{
	"requires": true,
	"lockfileVersion": 1,
	"dependencies": {
		"babel-plugin-react-relay": {
			"version": "0.9.3",
			"resolved": "https://registry.npmjs.org/babel-plugin-react-relay/-/babel-plugin-react-relay-0.9.3.tgz",
			"integrity": "sha1-bFEtOWVIlPIybuS0IMWoXibux2A=",
			"requires": {
				"babel-relay-plugin": "0.9.3",
				"deasync": "^0.1.7",
				"graphql-config-parser": "^1.1.1"
			}
		},
		"babel-relay-plugin": {
			"version": "0.9.3",
			"resolved": "https://registry.npmjs.org/babel-relay-plugin/-/babel-relay-plugin-0.9.3.tgz",
			"integrity": "sha1-Tdkmk/aLAM0ctopwVHD4+c+u1dY=",
			"requires": {
				"graphql": "^0.6.0"
			}
		},
		"bindings": {
			"version": "1.2.1",
			"resolved": "https://registry.npmjs.org/bindings/-/bindings-1.2.1.tgz",
			"integrity": "sha1-FK1hE4EtLTfXLme0ystLtyZQXxE="
		},
		"deasync": {
			"version": "0.1.13",
			"resolved": "https://registry.npmjs.org/deasync/-/deasync-0.1.13.tgz",
			"integrity": "sha512-/6ngYM7AapueqLtvOzjv9+11N2fHDSrkxeMF1YPE20WIfaaawiBg+HZH1E5lHrcJxlKR42t6XPOEmMmqcAsU1g==",
			"requires": {
				"bindings": "~1.2.1",
				"nan": "^2.0.7"
			}
		},
		"encoding": {
			"version": "0.1.12",
			"resolved": "https://registry.npmjs.org/encoding/-/encoding-0.1.12.tgz",
			"integrity": "sha1-U4tm8+5izRq1HsMjgp0flIDHS+s=",
			"requires": {
				"iconv-lite": "~0.4.13"
			}
		},
		"graphql": {
			"version": "0.6.2",
			"resolved": "https://registry.npmjs.org/graphql/-/graphql-0.6.2.tgz",
			"integrity": "sha1-Gc3LF+WGLWQ5agaE+S975k6Q568=",
			"requires": {
				"iterall": "1.0.2"
			}
		},
		"graphql-config-parser": {
			"version": "1.2.1",
			"resolved": "https://registry.npmjs.org/graphql-config-parser/-/graphql-config-parser-1.2.1.tgz",
			"integrity": "sha1-dL6fkw0gGK/Bx4zXQGngT2n5ZNc=",
			"requires": {
				"graphql": "0.7.1 - 1.0.0",
				"node-fetch": "^1.6.3",
				"valid-url": "^1.0.9"
			},
			"dependencies": {
				"graphql": {
					"version": "0.13.2",
					"resolved": "https://registry.npmjs.org/graphql/-/graphql-0.13.2.tgz",
					"integrity": "sha512-QZ5BL8ZO/B20VA8APauGBg3GyEgZ19eduvpLWoq5x7gMmWnHoy8rlQWPLmWgFvo1yNgjSEFMesmS4R6pPr7xog==",
					"requires": {
						"iterall": "^1.2.1"
					}
				},
				"iterall": {
					"version": "1.2.2",
					"resolved": "https://registry.npmjs.org/iterall/-/iterall-1.2.2.tgz",
					"integrity": "sha512-yynBb1g+RFUPY64fTrFv7nsjRrENBQJaX2UL+2Szc9REFrSNm1rpSXHGzhmAy7a9uv3vlvgBlXnf9RqmPH1/DA=="
				}
			}
		},
		"iconv-lite": {
			"version": "0.4.23",
			"resolved": "https://registry.npmjs.org/iconv-lite/-/iconv-lite-0.4.23.tgz",
			"integrity": "sha512-neyTUVFtahjf0mB3dZT77u+8O0QB89jFdnBkd5P1JgYPbPaia3gXXOVL2fq8VyU2gMMD7SaN7QukTB/pmXYvDA==",
			"requires": {
				"safer-buffer": ">= 2.1.2 < 3"
			}
		},
		"is-stream": {
			"version": "1.1.0",
			"resolved": "https://registry.npmjs.org/is-stream/-/is-stream-1.1.0.tgz",
			"integrity": "sha1-EtSj3U5o4Lec6428hBc66A2RykQ="
		},
		"iterall": {
			"version": "1.0.2",
			"resolved": "https://registry.npmjs.org/iterall/-/iterall-1.0.2.tgz",
			"integrity": "sha1-QaLpbOntpeYcdn7l3DEjc7sEbpE="
		},
		"nan": {
			"version": "2.10.0",
			"resolved": "https://registry.npmjs.org/nan/-/nan-2.10.0.tgz",
			"integrity": "sha512-bAdJv7fBLhWC+/Bls0Oza+mvTaNQtP+1RyhhhvD95pgUJz6XM5IzgmxOkItJ9tkoCiplvAnXI1tNmmUD/eScyA=="
		},
		"node-fetch": {
			"version": "1.7.3",
			"resolved": "https://registry.npmjs.org/node-fetch/-/node-fetch-1.7.3.tgz",
			"integrity": "sha512-NhZ4CsKx7cYm2vSrBAr2PvFOe6sWDf0UYLRqA6svUYg7+/TSfVAu49jYC4BvQ4Sms9SZgdqGBgroqfDhJdTyKQ==",
			"requires": {
				"encoding": "^0.1.11",
				"is-stream": "^1.0.1"
			}
		},
		"safer-buffer": {
			"version": "2.1.2",
			"resolved": "https://registry.npmjs.org/safer-buffer/-/safer-buffer-2.1.2.tgz",
			"integrity": "sha512-YZo3K82SD7Riyi0E1EQPojLz7kpepnSQI9IyPbHHg1XXXevb5dJI7tpyN2ADxGcQbHG7vcyRHk0cbwqcQriUtg=="
		},
		"valid-url": {
			"version": "1.0.9",
			"resolved": "https://registry.npmjs.org/valid-url/-/valid-url-1.0.9.tgz",
			"integrity": "sha1-HBRHm0DxOXp1eC8RXkCGRHQzogA="
		}
	}
}
